
Microsoft Visual Studio Solution File, Format Version 12.00
# Visual Studio 15
VisualStudioVersion = 15.0.28010.2050
MinimumVisualStudioVersion = 10.0.40219.1
Project("{FAE04EC0-301F-11D3-BF4B-00C04F79EFBC}") = "RandomSeatAssigner", "RandomSeatAssigner\RandomSeatAssigner.csproj", "{2ABA8CB3-967C-4A57-87B0-2958EA90C827}"
EndProject
Global
	GlobalSection(SolutionConfigurationPlatforms) = preSolution
		Debug|Any CPU = Debug|Any CPU
		Release|Any CPU = Release|Any CPU
	EndGlobalSection
	GlobalSection(ProjectConfigurationPlatforms) = postSolution
		{2ABA8CB3-967C-4A57-87B0-2958EA90C827}.Debug|Any CPU.ActiveCfg = Debug|Any CPU
		{2ABA8CB3-967C-4A57-87B0-2958EA90C827}.Debug|Any CPU.Build.0 = Debug|Any CPU
		{2ABA8CB3-967C-4A57-87B0-2958EA90C827}.Release|Any CPU.ActiveCfg = Release|Any CPU
		{2ABA8CB3-967C-4A57-87B0-2958EA90C827}.Release|Any CPU.Build.0 = Release|Any CPU
	EndGlobalSection
	GlobalSection(SolutionProperties) = preSolution
		HideSolutionNode = FALSE
	EndGlobalSection
	GlobalSection(ExtensibilityGlobals) = postSolution
		SolutionGuid = {C550453C-963F-40D1-B192-EAADFD0A3038}
	EndGlobalSection
EndGlobal
